bluescreen10.com/wgpu-android v0.0.13 h1:orMb7dyC9nYiWJVu7F01TP4zprsZ5UBMNh3hGuyMgSw=
bluescreen10.com/wgpu-android v0.0.13/go.mod h1:opNtynIbctsNukS09IWTA2vNsmg5f2FHlWUjxEsjq70=
bluescreen10.com/wgpu-darwin v0.0.13 h1:u9F9K1hFaPrnKuFqFzC46usQg10cNm+R1VaAZtYZKfM=
bluescreen10.com/wgpu-darwin v0.0.13/go.mod h1:Ayb3gfvXbjYYi2bSWR5rXQoA0F/k9AzDQN2II3FdrPk=
bluescreen10.com/wgpu-linux v0.0.13 h1:rWEnS21/TgQ04hyacf89OfGBZhNj88h/5rBuIKJ6Fcc=
bluescreen10.com/wgpu-linux v0.0.13/go.mod h1:2H6dgArKlaVpIdS/wbNJl9X2q/JUi1hY2jILfyftNdg=
bluescreen10.com/wgpu-windows v0.0.13 h1:wYHTQHrr/en/Arlh2qr11qC8yqJsNZc9ovB+j03Ia9Q=
bluescreen10.com/wgpu-windows v0.0.13/go.mod h1:x74d7b4BoXfdVN9gllt/ByohtOJU+gcvXHTv3Cl2d2Y=
github.com/bluescreen10/dawn-go v0.0.14 h1:YVlGTlvwRTMQK2fWWzJlQ5q46BOidaOWjBOPkaCq/dM=
github.com/bluescreen10/dawn-go v0.0.14/go.mod h1:dpKhn8V55UsaLx3SBLArWnCnYJO/hO6CrimGvUVYRl0=
github.com/bluescreen10/dawn-go v0.0.16 h1:p0/ZKwS57FX29LEAxGdibQAINB+VVRpjY/obTrXigEw=
github.com/bluescreen10/dawn-go v0.0.16/go.mod h1:dpKhn8V55UsaLx3SBLArWnCnYJO/hO6CrimGvUVYRl0=
github.com/bluescreen10/dawn-go v0.0.17 h1:9oZftT/0j5oIUnZEIpv8Al5dI4bShOVnPigLMNLzxiE=
github.com/bluescreen10/dawn-go v0.0.17/go.mod h1:dpKhn8V55UsaLx3SBLArWnCnYJO/hO6CrimGvUVYRl0=
github.com/bluescreen10/dawn-go v0.0.18 h1:xvfAxvVdz+8HnRtdJrvpnTfG7f46ksikJgWeROUofjE=
github.com/bluescreen10/dawn-go v0.0.18/go.mod h1:dpKhn8V55UsaLx3SBLArWnCnYJO/hO6CrimGvUVYRl0=
github.com/bluescreen10/dawn-go/wgpuglfw v0.0.2 h1:Ginc7gCsms5djG1DRK561SrId2mm0uEDXtJ7Ss6jFC4=
github.com/bluescreen10/dawn-go/wgpuglfw v0.0.2/go.mod h1:appK5DVSBF1nyzFqhfoEVIu7t0Uf87cuyJB3Yi4UzNA=
github.com/bluescreen10/wesl-go v0.0.1 h1:di+hZi1inoTrAVHXCuqi4jtrSK5bH33aNdLUlKh/9dI=
github.com/bluescreen10/wesl-go v0.0.1/go.mod h1:y3KOIbw2i/grRYVKgFdKIgwsilS5AeCmz0sDuoSWp0A=
github.com/chewxy/math32 v1.11.1 h1:b7PGHlp8KjylDoU8RrcEsRuGZhJuz8haxnKfuMMRqy8=
github.com/chewxy/math32 v1.11.1/go.mod h1:dOB2rcuFrCn6UHrze36WSLVPKtzPMRAQvBvUwkSsLqs=
github.com/go-gl/glfw/v3.3/glfw v0.0.0-20260406072232-3ac4aa2bb164 h1:ddtotcEXIT7dFhSeXIWjK8YMFYl5bB2NdYQwgv6Uqjk=
github.com/go-gl/glfw/v3.3/glfw v0.0.0-20260406072232-3ac4aa2bb164/go.mod h1:SyRD8YfuKk+ZXlDqYiqe1qMSqjNgtHzBTG810KUagMc=
github.com/oliverbestmann/webgpu v1.29.1 h1:pUPKuXyDdsmtKAsUE/6S0XU1pZ+0qHEY7BvTtfl8iq4=
github.com/oliverbestmann/webgpu v1.29.1/go.mod h1:YwkFM2G5wPq6FlfIr2X+BDx7lOPGlfvvwmejjhgF3ZY=
github.com/oliverbestmann/webgpu/libs-android v0.0.0-20260321175638-35553c66247e h1:m5abFKgp1wJNHuXnFJXs2HoCnswpL5lT1hDZZL5kqQ8=
github.com/oliverbestmann/webgpu/libs-android v0.0.0-20260321175638-35553c66247e/go.mod h1:tczQXCdsoFy+FTJVsZSve/vF8cmWEkxhvjcyY2Rujp8=
github.com/oliverbestmann/webgpu/libs-darwin v0.0.0-20260321175628-865c2b8d8a62 h1:mVwx5vSZeYN1KOns3C4s8eCK5Dm/G8nChrhSnVtRbX8=
github.com/oliverbestmann/webgpu/libs-darwin v0.0.0-20260321175628-865c2b8d8a62/go.mod h1:XoHM/ZcjQqJQyEfQjU0ScDkxvQRWfZLxKP8IrEz4xyo=
github.com/oliverbestmann/webgpu/libs-ios v0.0.0-20260321175629-0e29e7d88738 h1:kRu29VYuNtUXoANG8/wMIyAT5VZYTXD5iiQOcN3+dGQ=
github.com/oliverbestmann/webgpu/libs-ios v0.0.0-20260321175629-0e29e7d88738/go.mod h1:IV+TkwmPA0yMzZZoz0Aj4X+22WLEQq2TOyN4/0k8lgs=
github.com/oliverbestmann/webgpu/libs-linux v0.0.0-20260321175635-fec3b53b1724 h1:0GvABeYoJeL90GbZ3U17L0yTPZo3dXl9+4HoYA89WVY=
github.com/oliverbestmann/webgpu/libs-linux v0.0.0-20260321175635-fec3b53b1724/go.mod h1:SOeo2YWe2UxWxOeAHyZtwaSXkBbP78cGnm7I+6lIWV0=
github.com/oliverbestmann/webgpu/libs-windows v0.0.0-20260321175633-752a2b4a21c3 h1:xIuc1c09Ad7peL8AYhsg8HY6YYz1Z82KOkkuVDS/RJ0=
github.com/oliverbestmann/webgpu/libs-windows v0.0.0-20260321175633-752a2b4a21c3/go.mod h1:58qRJHG2+mjEu/AKJFh026bz3xE1zEHYt41i4TBM8NE=
golang.org/x/exp v0.0.0-20260508232706-74f9aab9d74a h1:+3jdDGGB8NGb1Zktc737jlt3/A5f6UlwSzmvqUuufxw=
golang.org/x/exp v0.0.0-20260508232706-74f9aab9d74a/go.mod h1:d2fgXJLVs4dYDHUk5lwMIfzRzSrWCfGZb0ZqeLa/Vcw=
